Microsoft Visual Studio Solution File, Format Version 12.00
# Visual Studio Version 17
VisualStudioVersion = 17.5.2.0
MinimumVisualStudioVersion = 10.0.40219.1
Project("{FAE04EC0-301F-11D3-BF4B-00C04F79EFBC}") = "XpsCreator", "XpsCreator.csproj", "{2084AC6B-9B2D-01F2-DB32-1B61806250EE}"
EndProject
Global
	GlobalSection(SolutionConfigurationPlatforms) = preSolution
		Debug|Any CPU = Debug|Any CPU
		Release|Any CPU = Release|Any CPU
	EndGlobalSection
	GlobalSection(ProjectConfigurationPlatforms) = postSolution
		{2084AC6B-9B2D-01F2-DB32-1B61806250EE}.Debug|Any CPU.ActiveCfg = Debug|Any CPU
		{2084AC6B-9B2D-01F2-DB32-1B61806250EE}.Debug|Any CPU.Build.0 = Debug|Any CPU
		{2084AC6B-9B2D-01F2-DB32-1B61806250EE}.Release|Any CPU.ActiveCfg = Release|Any CPU
		{2084AC6B-9B2D-01F2-DB32-1B61806250EE}.Release|Any CPU.Build.0 = Release|Any CPU
	EndGlobalSection
	GlobalSection(SolutionProperties) = preSolution
		HideSolutionNode = FALSE
	EndGlobalSection
	GlobalSection(ExtensibilityGlobals) = postSolution
		SolutionGuid = {C72ECF22-0B7A-4594-985D-32EA576366FA}
	EndGlobalSection
EndGlobal
